// !$*UTF8*$!
{
	archiveVersion = 1;
	classes = {
	};
	objectVersion = 46;
	objects = {

/* Begin PBXBuildFile section */
		1855681A1F6FF32100147959 /* AppDelegate.swift in Sources */ = {isa = PBXBuildFile; fileRef = 185568191F6FF32100147959 /* AppDelegate.swift */; };
		1855681C1F6FF32100147959 /* ViewController.swift in Sources */ = {isa = PBXBuildFile; fileRef = 1855681B1F6FF32100147959 /* ViewController.swift */; };
		1855681F1F6FF32100147959 /* Main.storyboard in Resources */ = {isa = PBXBuildFile; fileRef = 1855681D1F6FF32100147959 /* Main.storyboard */; };
		185568221F6FF32100147959 /* Remind_Me_At.xcdatamodeld in Sources */ = {isa = PBXBuildFile; fileRef = 185568201F6FF32100147959 /* Remind_Me_At.xcdatamodeld */; };
		185568241F6FF32100147959 /* Assets.xcassets in Resources */ = {isa = PBXBuildFile; fileRef = 185568231F6FF32100147959 /* Assets.xcassets */; };
		185568271F6FF32100147959 /* LaunchScreen.storyboard in Resources */ = {isa = PBXBuildFile; fileRef = 185568251F6FF32100147959 /* LaunchScreen.storyboard */; };
/* End PBXBuildFile section */

/* Begin PBXFileReference section */
		185568161F6FF32100147959 /* Remind Me At.app */ = {isa = PBXFileReference; explicitFileType = wrapper.application; includeInIndex = 0; path = "Remind Me At.app"; sourceTree = BUILT_PRODUCTS_DIR; };
		185568191F6FF32100147959 /* AppDelegate.swift */ = {isa = PBXFileReference; lastKnownFileType = sourcecode.swift; path = AppDelegate.swift; sourceTree = "<group>"; };
		1855681B1F6FF32100147959 /* ViewController.swift */ = {isa = PBXFileReference; lastKnownFileType = sourcecode.swift; path = ViewController.swift; sourceTree = "<group>"; };
		1855681E1F6FF32100147959 /* Base */ = {isa = PBXFileReference; lastKnownFileType = file.storyboard; name = Base; path = Base.lproj/Main.storyboard; sourceTree = "<group>"; };
		185568211F6FF32100147959 /* Remind_Me_At.xcdatamodel */ = {isa = PBXFileReference; lastKnownFileType = wrapper.xcdatamodel; path = Remind_Me_At.xcdatamodel; sourceTree = "<group>"; };
		185568231F6FF32100147959 /* Assets.xcassets */ = {isa = PBXFileReference; lastKnownFileType = folder.assetcatalog; path = Assets.xcassets; sourceTree = "<group>"; };
		185568261F6FF32100147959 /* Base */ = {isa = PBXFileReference; lastKnownFileType = file.storyboard; name = Base; path = Base.lproj/LaunchScreen.storyboard; sourceTree = "<group>"; };
		185568281F6FF32100147959 /* Info.plist */ = {isa = PBXFileReference; lastKnownFileType = text.plist.xml; path = Info.plist; sourceTree = "<group>"; };
/* End PBXFileReference section */

/* Begin PBXFrameworksBuildPhase section */
		185568131F6FF32100147959 /* Frameworks */ = {
			isa = PBXFrameworksBuildPhase;
			buildActionMask = 2147483647;
			files = (
			);
			runOnlyForDeploymentPostprocessing = 0;
		};
/* End PBXFrameworksBuildPhase section */

/* Begin PBXGroup section */
		1855680D1F6FF32100147959 = {
			isa = PBXGroup;
			children = (
				185568181F6FF32100147959 /* Remind Me At */,
				185568171F6FF32100147959 /* Products */,
			);
			sourceTree = "<group>";
		};
		185568171F6FF32100147959 /* Products */ = {
			isa = PBXGroup;
			children = (
				185568161F6FF32100147959 /* Remind Me At.app */,
			);
			name = Products;
			sourceTree = "<group>";
		};
		185568181F6FF32100147959 /* Remind Me At */ = {
			isa = PBXGroup;
			children = (
				185568191F6FF32100147959 /* AppDelegate.swift */,
				1855681B1F6FF32100147959 /* ViewController.swift */,
				1855681D1F6FF32100147959 /* Main.storyboard */,
				185568231F6FF32100147959 /* Assets.xcassets */,
				185568251F6FF32100147959 /* LaunchScreen.storyboard */,
				185568281F6FF32100147959 /* Info.plist */,
				185568201F6FF32100147959 /* Remind_Me_At.xcdatamodeld */,
			);
			path = "Remind Me At";
			sourceTree = "<group>";
		};
/* End PBXGroup section */

/* Begin PBXNativeTarget section */
		185568151F6FF32100147959 /* Remind Me At */ = {
			isa = PBXNativeTarget;
			buildConfigurationList = 1855682B1F6FF32100147959 /* Build configuration list for PBXNativeTarget "Remind Me At" */;
			buildPhases = (
				185568121F6FF32100147959 /* Sources */,
				185568131F6FF32100147959 /* Frameworks */,
				185568141F6FF32100147959 /* Resources */,
			);
			buildRules = (
			);
			dependencies = (
			);
			name = "Remind Me At";
			productName = "Remind Me At";
			productReference = 185568161F6FF32100147959 /* Remind Me At.app */;
			productType = "com.apple.product-type.application";
		};
/* End PBXNativeTarget section */

/* Begin PBXProject section */
		1855680E1F6FF32100147959 /* Project object */ = {
			isa = PBXProject;
			attributes = {
				LastSwiftUpdateCheck = 0820;
				LastUpgradeCheck = 0820;
				ORGANIZATIONNAME = rishi;
				TargetAttributes = {
					185568151F6FF32100147959 = {
						CreatedOnToolsVersion = 8.2.1;
						ProvisioningStyle = Automatic;
					};
				};
			};
			buildConfigurationList = 185568111F6FF32100147959 /* Build configuration list for PBXProject "Remind Me At" */;
			compatibilityVersion = "Xcode 3.2";
			developmentRegion = English;
			hasScannedForEncodings = 0;
			knownRegions = (
				en,
				Base,
			);
			mainGroup = 1855680D1F6FF32100147959;
			productRefGroup = 185568171F6FF32100147959 /* Products */;
			projectDirPath = "";
			projectRoot = "";
			targets = (
				185568151F6FF32100147959 /* Remind Me At */,
			);
		};
/* End PBXProject section */

/* Begin PBXResourcesBuildPhase section */
		185568141F6FF32100147959 /* Resources */ = {
			isa = PBXResourcesBuildPhase;
			buildActionMask = 2147483647;
			files = (
				185568271F6FF32100147959 /* LaunchScreen.storyboard in Resources */,
				185568241F6FF32100147959 /* Assets.xcassets in Resources */,
				1855681F1F6FF32100147959 /* Main.storyboard in Resources */,
			);
			runOnlyForDeploymentPostprocessing = 0;
		};
/* End PBXResourcesBuildPhase section */

/* Begin PBXSourcesBuildPhase section */
		185568121F6FF32100147959 /* Sources */ = {
			isa = PBXSourcesBuildPhase;
			buildActionMask = 2147483647;
			files = (
				1855681C1F6FF32100147959 /* ViewController.swift in Sources */,
				185568221F6FF32100147959 /* Remind_Me_At.xcdatamodeld in Sources */,
				1855681A1F6FF32100147959 /* AppDelegate.swift in Sources */,
			);
			runOnlyForDeploymentPostprocessing = 0;
		};
/* End PBXSourcesBuildPhase section */

/* Begin PBXVariantGroup section */
		1855681D1F6FF32100147959 /* Main.storyboard */ = {
			isa = PBXVariantGroup;
			children = (
				1855681E1F6FF32100147959 /* Base */,
			);
			name = Main.storyboard;
			sourceTree = "<group>";
		};
		185568251F6FF32100147959 /* LaunchScreen.storyboard */ = {
			isa = PBXVariantGroup;
			children = (
				185568261F6FF32100147959 /* Base */,
			);
			name = LaunchScreen.storyboard;
			sourceTree = "<group>";
		};
/* End PBXVariantGroup section */

/* Begin XCBuildConfiguration section */
		185568291F6FF32100147959 /* Debug */ = {
			isa = XCBuildConfiguration;
			buildSettings = {
				ALWAYS_SEARCH_USER_PATHS = NO;
				CLANG_ANALYZER_NONNULL = YES;
				CLANG_CXX_LANGUAGE_STANDARD = "gnu++0x";
				CLANG_CXX_LIBRARY = "libc++";
				CLANG_ENABLE_MODULES = YES;
				CLANG_ENABLE_OBJC_ARC = YES;
				CLANG_WARN_BOOL_CONVERSION = YES;
				CLANG_WARN_CONSTANT_CONVERSION = YES;
				CLANG_WARN_DIRECT_OBJC_ISA_USAGE = YES_ERROR;
				CLANG_WARN_DOCUMENTATION_COMMENTS = YES;
				CLANG_WARN_EMPTY_BODY = YES;
				CLANG_WARN_ENUM_CONVERSION = YES;
				CLANG_WARN_INFINITE_RECURSION = YES;
				CLANG_WARN_INT_CONVERSION = YES;
				CLANG_WARN_OBJC_ROOT_CLASS = YES_ERROR;
				CLANG_WARN_SUSPICIOUS_MOVE = YES;
				CLANG_WARN_UNREACHABLE_CODE = YES;
				CLANG_WARN__DUPLICATE_METHOD_MATCH = YES;
				"CODE_SIGN_IDENTITY[sdk=iphoneos*]" = "iPhone Developer";
				COPY_PHASE_STRIP = NO;
				DEBUG_INFORMATION_FORMAT = dwarf;
				ENABLE_STRICT_OBJC_MSGSEND = YES;
				ENABLE_TESTABILITY = YES;
				GCC_C_LANGUAGE_STANDARD = gnu99;
				GCC_DYNAMIC_NO_PIC = NO;
				GCC_NO_COMMON_BLOCKS = YES;
				GCC_OPTIMIZATION_LEVEL = 0;
				GCC_PREPROCESSOR_DEFINITIONS = (
					"DEBUG=1",
					"$(inherited)",
				);
				GCC_WARN_64_TO_32_BIT_CONVERSION = YES;
				GCC_WARN_ABOUT_RETURN_TYPE = YES_ERROR;
				GCC_WARN_UNDECLARED_SELECTOR = YES;
				GCC_WARN_UNINITIALIZED_AUTOS = YES_AGGRESSIVE;
				GCC_WARN_UNUSED_FUNCTION = YES;
				GCC_WARN_UNUSED_VARIABLE = YES;
				IPHONEOS_DEPLOYMENT_TARGET = 10.2;
				MTL_ENABLE_DEBUG_INFO = YES;
				ONLY_ACTIVE_ARCH = YES;
				SDKROOT = iphoneos;
				SWIFT_ACTIVE_COMPILATION_CONDITIONS = DEBUG;
				SWIFT_OPTIMIZATION_LEVEL = "-Onone";
			};
			name = Debug;
		};
		1855682A1F6FF32100147959 /* Release */ = {
			isa = XCBuildConfiguration;
			buildSettings = {
				ALWAYS_SEARCH_USER_PATHS = NO;
				CLANG_ANALYZER_NONNULL = YES;
				CLANG_CXX_LANGUAGE_STANDARD = "gnu++0x";
				CLANG_CXX_LIBRARY = "libc++";
				CLANG_ENABLE_MODULES = YES;
				CLANG_ENABLE_OBJC_ARC = YES;
				CLANG_WARN_BOOL_CONVERSION = YES;
				CLANG_WARN_CONSTANT_CONVERSION = YES;
				CLANG_WARN_DIRECT_OBJC_ISA_USAGE = YES_ERROR;
				CLANG_WARN_DOCUMENTATION_COMMENTS = YES;
				CLANG_WARN_EMPTY_BODY = YES;
				CLANG_WARN_ENUM_CONVERSION = YES;
				CLANG_WARN_INFINITE_RECURSION = YES;
				CLANG_WARN_INT_CONVERSION = YES;
				CLANG_WARN_OBJC_ROOT_CLASS = YES_ERROR;
				CLANG_WARN_SUSPICIOUS_MOVE = YES;
				CLANG_WARN_UNREACHABLE_CODE = YES;
				CLANG_WARN__DUPLICATE_METHOD_MATCH = YES;
				"CODE_SIGN_IDENTITY[sdk=iphoneos*]" = "iPhone Developer";
				COPY_PHASE_STRIP = NO;
				DEBUG_INFORMATION_FORMAT = "dwarf-with-dsym";
				ENABLE_NS_ASSERTIONS = NO;
				ENABLE_STRICT_OBJC_MSGSEND = YES;
				GCC_C_LANGUAGE_STANDARD = gnu99;
				GCC_NO_COMMON_BLOCKS = YES;
				GCC_WARN_64_TO_32_BIT_CONVERSION = YES;
				GCC_WARN_ABOUT_RETURN_TYPE = YES_ERROR;
				GCC_WARN_UNDECLARED_SELECTOR = YES;
				GCC_WARN_UNINITIALIZED_AUTOS = YES_AGGRESSIVE;
				GCC_WARN_UNUSED_FUNCTION = YES;
				GCC_WARN_UNUSED_VARIABLE = YES;
				IPHONEOS_DEPLOYMENT_TARGET = 10.2;
				MTL_ENABLE_DEBUG_INFO = NO;
				SDKROOT = iphoneos;
				SWIFT_OPTIMIZATION_LEVEL = "-Owholemodule";
				VALIDATE_PRODUCT = YES;
			};
			name = Release;
		};
		1855682C1F6FF32100147959 /* Debug */ = {
			isa = XCBuildConfiguration;
			buildSettings = {
				ASSETCATALOG_COMPILER_APPICON_NAME = AppIcon;
				INFOPLIST_FILE = "Remind Me At/Info.plist";
				LD_RUNPATH_SEARCH_PATHS = "$(inherited) @executable_path/Frameworks";
				PRODUCT_BUNDLE_IDENTIFIER = "rishabh.Remind-Me-At";
				PRODUCT_NAME = "$(TARGET_NAME)";
				SWIFT_VERSION = 3.0;
			};
			name = Debug;
		};
		1855682D1F6FF32100147959 /* Release */ = {
			isa = XCBuildConfiguration;
			buildSettings = {
				ASSETCATALOG_COMPILER_APPICON_NAME = AppIcon;
				INFOPLIST_FILE = "Remind Me At/Info.plist";
				LD_RUNPATH_SEARCH_PATHS = "$(inherited) @executable_path/Frameworks";
				PRODUCT_BUNDLE_IDENTIFIER = "rishabh.Remind-Me-At";
				PRODUCT_NAME = "$(TARGET_NAME)";
				SWIFT_VERSION = 3.0;
			};
			name = Release;
		};
/* End XCBuildConfiguration section */

/* Begin XCConfigurationList section */
		185568111F6FF32100147959 /* Build configuration list for PBXProject "Remind Me At" */ = {
			isa = XCConfigurationList;
			buildConfigurations = (
				185568291F6FF32100147959 /* Debug */,
				1855682A1F6FF32100147959 /* Release */,
			);
			defaultConfigurationIsVisible = 0;
			defaultConfigurationName = Release;
		};
		1855682B1F6FF32100147959 /* Build configuration list for PBXNativeTarget "Remind Me At" */ = {
			isa = XCConfigurationList;
			buildConfigurations = (
				1855682C1F6FF32100147959 /* Debug */,
				1855682D1F6FF32100147959 /* Release */,
			);
			defaultConfigurationIsVisible = 0;
		};
/* End XCConfigurationList section */

/* Begin XCVersionGroup section */
		185568201F6FF32100147959 /* Remind_Me_At.xcdatamodeld */ = {
			isa = XCVersionGroup;
			children = (
				185568211F6FF32100147959 /* Remind_Me_At.xcdatamodel */,
			);
			currentVersion = 185568211F6FF32100147959 /* Remind_Me_At.xcdatamodel */;
			path = Remind_Me_At.xcdatamodeld;
			sourceTree = "<group>";
			versionGroupType = wrapper.xcdatamodel;
		};
/* End XCVersionGroup section */
	};
	rootObject = 1855680E1F6FF32100147959 /* Project object */;
}
