// !$*UTF8*$!
{
	archiveVersion = 1;
	classes = {
	};
	objectVersion = 46;
	objects = {

/* Begin PBXBuildFile section */
		185439251F714C33006321F2 /* CoreDataManager.swift in Sources */ = {isa = PBXBuildFile; fileRef = 185439241F714C33006321F2 /* CoreDataManager.swift */; };
		185439271F715D2E006321F2 /* Utilities.swift in Sources */ = {isa = PBXBuildFile; fileRef = 185439261F715D2E006321F2 /* Utilities.swift */; };
		185439291F715D8C006321F2 /* NotificationManager.swift in Sources */ = {isa = PBXBuildFile; fileRef = 185439281F715D8C006321F2 /* NotificationManager.swift */; };
		1855681A1F6FF32100147959 /* AppDelegate.swift in Sources */ = {isa = PBXBuildFile; fileRef = 185568191F6FF32100147959 /* AppDelegate.swift */; };
		1855681F1F6FF32100147959 /* Main.storyboard in Resources */ = {isa = PBXBuildFile; fileRef = 1855681D1F6FF32100147959 /* Main.storyboard */; };
		185568221F6FF32100147959 /* Remind_Me_At.xcdatamodeld in Sources */ = {isa = PBXBuildFile; fileRef = 185568201F6FF32100147959 /* Remind_Me_At.xcdatamodeld */; };
		185568241F6FF32100147959 /* Assets.xcassets in Resources */ = {isa = PBXBuildFile; fileRef = 185568231F6FF32100147959 /* Assets.xcassets */; };
		185568271F6FF32100147959 /* LaunchScreen.storyboard in Resources */ = {isa = PBXBuildFile; fileRef = 185568251F6FF32100147959 /* LaunchScreen.storyboard */; };
		185568301F6FF3C100147959 /* LocationManager.swift in Sources */ = {isa = PBXBuildFile; fileRef = 1855682F1F6FF3C100147959 /* LocationManager.swift */; };
		187466121F735A4F0092C745 /* ReminderMasterTableViewController.swift in Sources */ = {isa = PBXBuildFile; fileRef = 187466111F735A4F0092C745 /* ReminderMasterTableViewController.swift */; };
		187466141F735A690092C745 /* ReminderTableViewCell.swift in Sources */ = {isa = PBXBuildFile; fileRef = 187466131F735A690092C745 /* ReminderTableViewCell.swift */; };
		187466161F735B050092C745 /* ReminderDetailTableViewController.swift in Sources */ = {isa = PBXBuildFile; fileRef = 187466151F735B050092C745 /* ReminderDetailTableViewController.swift */; };
		187466191F742CEA0092C745 /* MapKit.framework in Frameworks */ = {isa = PBXBuildFile; fileRef = 187466181F742CEA0092C745 /* MapKit.framework */; };
		1876C0FB1F74BFF0004BDD62 /* SearchLocationTableViewController.swift in Sources */ = {isa = PBXBuildFile; fileRef = 1876C0FA1F74BFF0004BDD62 /* SearchLocationTableViewController.swift */; };
		18CF47511F7C305B00E93810 /* internetConnectiion.swift in Sources */ = {isa = PBXBuildFile; fileRef = 18CF47501F7C305B00E93810 /* internetConnectiion.swift */; };
		18F91D011F7906BF008E5195 /* FBSDKCoreKit.framework in Frameworks */ = {isa = PBXBuildFile; fileRef = 18F91D001F7906BF008E5195 /* FBSDKCoreKit.framework */; };
		18F91D031F7906CF008E5195 /* FBSDKLoginKit.framework in Frameworks */ = {isa = PBXBuildFile; fileRef = 18F91D021F7906CF008E5195 /* FBSDKLoginKit.framework */; };
		18F91D051F7906E3008E5195 /* Bolts.framework in Frameworks */ = {isa = PBXBuildFile; fileRef = 18F91D041F7906E3008E5195 /* Bolts.framework */; };
		18F91D061F7909DE008E5195 /* FBSDKLoginKit.framework in Frameworks */ = {isa = PBXBuildFile; fileRef = 18F91D021F7906CF008E5195 /* FBSDKLoginKit.framework */; };
		18F91D071F7909DE008E5195 /* FBSDKLoginKit.framework in Embed Frameworks */ = {isa = PBXBuildFile; fileRef = 18F91D021F7906CF008E5195 /* FBSDKLoginKit.framework */; settings = {ATTRIBUTES = (CodeSignOnCopy, RemoveHeadersOnCopy, ); }; };
		18F91D081F7909DE008E5195 /* FBSDKCoreKit.framework in Frameworks */ = {isa = PBXBuildFile; fileRef = 18F91D001F7906BF008E5195 /* FBSDKCoreKit.framework */; };
		18F91D091F7909DE008E5195 /* FBSDKCoreKit.framework in Embed Frameworks */ = {isa = PBXBuildFile; fileRef = 18F91D001F7906BF008E5195 /* FBSDKCoreKit.framework */; settings = {ATTRIBUTES = (CodeSignOnCopy, RemoveHeadersOnCopy, ); }; };
		18F91D0C1F790A3A008E5195 /* FacebookViewController.swift in Sources */ = {isa = PBXBuildFile; fileRef = 18F91D0B1F790A3A008E5195 /* FacebookViewController.swift */; };
		18F91D131F791833008E5195 /* GCDBlackBox.swift in Sources */ = {isa = PBXBuildFile; fileRef = 18F91D121F791833008E5195 /* GCDBlackBox.swift */; };
/* End PBXBuildFile section */

/* Begin PBXCopyFilesBuildPhase section */
		18F91D0A1F7909DF008E5195 /* Embed Frameworks */ = {
			isa = PBXCopyFilesBuildPhase;
			buildActionMask = 2147483647;
			dstPath = "";
			dstSubfolderSpec = 10;
			files = (
				18F91D071F7909DE008E5195 /* FBSDKLoginKit.framework in Embed Frameworks */,
				18F91D091F7909DE008E5195 /* FBSDKCoreKit.framework in Embed Frameworks */,
			);
			name = "Embed Frameworks";
			runOnlyForDeploymentPostprocessing = 0;
		};
/* End PBXCopyFilesBuildPhase section */

/* Begin PBXFileReference section */
		185439241F714C33006321F2 /* CoreDataManager.swift */ = {isa = PBXFileReference; fileEncoding = 4; lastKnownFileType = sourcecode.swift; path = CoreDataManager.swift; sourceTree = "<group>"; };
		185439261F715D2E006321F2 /* Utilities.swift */ = {isa = PBXFileReference; fileEncoding = 4; lastKnownFileType = sourcecode.swift; path = Utilities.swift; sourceTree = "<group>"; };
		185439281F715D8C006321F2 /* NotificationManager.swift */ = {isa = PBXFileReference; fileEncoding = 4; lastKnownFileType = sourcecode.swift; path = NotificationManager.swift; sourceTree = "<group>"; };
		185568161F6FF32100147959 /* Remind Me At.app */ = {isa = PBXFileReference; explicitFileType = wrapper.application; includeInIndex = 0; path = "Remind Me At.app"; sourceTree = BUILT_PRODUCTS_DIR; };
		185568191F6FF32100147959 /* AppDelegate.swift */ = {isa = PBXFileReference; lastKnownFileType = sourcecode.swift; path = AppDelegate.swift; sourceTree = "<group>"; };
		1855681E1F6FF32100147959 /* Base */ = {isa = PBXFileReference; lastKnownFileType = file.storyboard; name = Base; path = Base.lproj/Main.storyboard; sourceTree = "<group>"; };
		185568211F6FF32100147959 /* Remind_Me_At.xcdatamodel */ = {isa = PBXFileReference; lastKnownFileType = wrapper.xcdatamodel; path = Remind_Me_At.xcdatamodel; sourceTree = "<group>"; };
		185568231F6FF32100147959 /* Assets.xcassets */ = {isa = PBXFileReference; lastKnownFileType = folder.assetcatalog; path = Assets.xcassets; sourceTree = "<group>"; };
		185568261F6FF32100147959 /* Base */ = {isa = PBXFileReference; lastKnownFileType = file.storyboard; name = Base; path = Base.lproj/LaunchScreen.storyboard; sourceTree = "<group>"; };
		185568281F6FF32100147959 /* Info.plist */ = {isa = PBXFileReference; lastKnownFileType = text.plist.xml; path = Info.plist; sourceTree = "<group>"; };
		1855682F1F6FF3C100147959 /* LocationManager.swift */ = {isa = PBXFileReference; fileEncoding = 4; lastKnownFileType = sourcecode.swift; path = LocationManager.swift; sourceTree = "<group>"; };
		187466111F735A4F0092C745 /* ReminderMasterTableViewController.swift */ = {isa = PBXFileReference; fileEncoding = 4; lastKnownFileType = sourcecode.swift; path = ReminderMasterTableViewController.swift; sourceTree = "<group>"; };
		187466131F735A690092C745 /* ReminderTableViewCell.swift */ = {isa = PBXFileReference; fileEncoding = 4; lastKnownFileType = sourcecode.swift; path = ReminderTableViewCell.swift; sourceTree = "<group>"; };
		187466151F735B050092C745 /* ReminderDetailTableViewController.swift */ = {isa = PBXFileReference; fileEncoding = 4; lastKnownFileType = sourcecode.swift; path = ReminderDetailTableViewController.swift; sourceTree = "<group>"; };
		187466181F742CEA0092C745 /* MapKit.framework */ = {isa = PBXFileReference; lastKnownFileType = wrapper.framework; name = MapKit.framework; path = System/Library/Frameworks/MapKit.framework; sourceTree = SDKROOT; };
		1876C0FA1F74BFF0004BDD62 /* SearchLocationTableViewController.swift */ = {isa = PBXFileReference; fileEncoding = 4; lastKnownFileType = sourcecode.swift; path = SearchLocationTableViewController.swift; sourceTree = "<group>"; };
		18CF47501F7C305B00E93810 /* internetConnectiion.swift */ = {isa = PBXFileReference; fileEncoding = 4; lastKnownFileType = sourcecode.swift; path = internetConnectiion.swift; sourceTree = "<group>"; };
		18F91D001F7906BF008E5195 /* FBSDKCoreKit.framework */ = {isa = PBXFileReference; lastKnownFileType = wrapper.framework; path = FBSDKCoreKit.framework; sourceTree = "<group>"; };
		18F91D021F7906CF008E5195 /* FBSDKLoginKit.framework */ = {isa = PBXFileReference; lastKnownFileType = wrapper.framework; path = FBSDKLoginKit.framework; sourceTree = "<group>"; };
		18F91D041F7906E3008E5195 /* Bolts.framework */ = {isa = PBXFileReference; lastKnownFileType = wrapper.framework; path = Bolts.framework; sourceTree = "<group>"; };
		18F91D0B1F790A3A008E5195 /* FacebookViewController.swift */ = {isa = PBXFileReference; fileEncoding = 4; lastKnownFileType = sourcecode.swift; path = FacebookViewController.swift; sourceTree = "<group>"; };
		18F91D0E1F790C6B008E5195 /* Remind Me At-Bridging-Header.h */ = {isa = PBXFileReference; lastKnownFileType = sourcecode.c.h; path = "Remind Me At-Bridging-Header.h"; sourceTree = "<group>"; };
		18F91D121F791833008E5195 /* GCDBlackBox.swift */ = {isa = PBXFileReference; fileEncoding = 4; lastKnownFileType = sourcecode.swift; path = GCDBlackBox.swift; sourceTree = "<group>"; };
/* End PBXFileReference section */

/* Begin PBXFrameworksBuildPhase section */
		185568131F6FF32100147959 /* Frameworks */ = {
			isa = PBXFrameworksBuildPhase;
			buildActionMask = 2147483647;
			files = (
				187466191F742CEA0092C745 /* MapKit.framework in Frameworks */,
				18F91D081F7909DE008E5195 /* FBSDKCoreKit.framework in Frameworks */,
				18F91D011F7906BF008E5195 /* FBSDKCoreKit.framework in Frameworks */,
				18F91D061F7909DE008E5195 /* FBSDKLoginKit.framework in Frameworks */,
				18F91D031F7906CF008E5195 /* FBSDKLoginKit.framework in Frameworks */,
				18F91D051F7906E3008E5195 /* Bolts.framework in Frameworks */,
			);
			runOnlyForDeploymentPostprocessing = 0;
		};
/* End PBXFrameworksBuildPhase section */

/* Begin PBXGroup section */
		1813910A1F76D167004C6EE0 /* controller */ = {
			isa = PBXGroup;
			children = (
				1876C0FA1F74BFF0004BDD62 /* SearchLocationTableViewController.swift */,
				187466151F735B050092C745 /* ReminderDetailTableViewController.swift */,
				187466131F735A690092C745 /* ReminderTableViewCell.swift */,
				187466111F735A4F0092C745 /* ReminderMasterTableViewController.swift */,
				18CF47501F7C305B00E93810 /* internetConnectiion.swift */,
			);
			name = controller;
			sourceTree = "<group>";
		};
		1855680D1F6FF32100147959 = {
			isa = PBXGroup;
			children = (
				18F91CFF1F790658008E5195 /* facebookLogin */,
				1813910A1F76D167004C6EE0 /* controller */,
				1855682E1F6FF36200147959 /* Helper */,
				185568181F6FF32100147959 /* Remind Me At */,
				185568171F6FF32100147959 /* Products */,
				187466171F742CEA0092C745 /* Frameworks */,
			);
			sourceTree = "<group>";
		};
		185568171F6FF32100147959 /* Products */ = {
			isa = PBXGroup;
			children = (
				185568161F6FF32100147959 /* Remind Me At.app */,
			);
			name = Products;
			sourceTree = "<group>";
		};
		185568181F6FF32100147959 /* Remind Me At */ = {
			isa = PBXGroup;
			children = (
				185568191F6FF32100147959 /* AppDelegate.swift */,
				1855681D1F6FF32100147959 /* Main.storyboard */,
				185568231F6FF32100147959 /* Assets.xcassets */,
				185568251F6FF32100147959 /* LaunchScreen.storyboard */,
				185568281F6FF32100147959 /* Info.plist */,
				185568201F6FF32100147959 /* Remind_Me_At.xcdatamodeld */,
			);
			path = "Remind Me At";
			sourceTree = "<group>";
		};
		1855682E1F6FF36200147959 /* Helper */ = {
			isa = PBXGroup;
			children = (
				185439241F714C33006321F2 /* CoreDataManager.swift */,
				1855682F1F6FF3C100147959 /* LocationManager.swift */,
				185439261F715D2E006321F2 /* Utilities.swift */,
				185439281F715D8C006321F2 /* NotificationManager.swift */,
			);
			name = Helper;
			sourceTree = "<group>";
		};
		187466171F742CEA0092C745 /* Frameworks */ = {
			isa = PBXGroup;
			children = (
				187466181F742CEA0092C745 /* MapKit.framework */,
			);
			name = Frameworks;
			sourceTree = "<group>";
		};
		18F91CFF1F790658008E5195 /* facebookLogin */ = {
			isa = PBXGroup;
			children = (
				18F91D0B1F790A3A008E5195 /* FacebookViewController.swift */,
				18F91D0E1F790C6B008E5195 /* Remind Me At-Bridging-Header.h */,
				18F91D041F7906E3008E5195 /* Bolts.framework */,
				18F91D021F7906CF008E5195 /* FBSDKLoginKit.framework */,
				18F91D001F7906BF008E5195 /* FBSDKCoreKit.framework */,
				18F91D121F791833008E5195 /* GCDBlackBox.swift */,
			);
			name = facebookLogin;
			sourceTree = "<group>";
		};
/* End PBXGroup section */

/* Begin PBXNativeTarget section */
		185568151F6FF32100147959 /* Remind Me At */ = {
			isa = PBXNativeTarget;
			buildConfigurationList = 1855682B1F6FF32100147959 /* Build configuration list for PBXNativeTarget "Remind Me At" */;
			buildPhases = (
				185568121F6FF32100147959 /* Sources */,
				185568131F6FF32100147959 /* Frameworks */,
				185568141F6FF32100147959 /* Resources */,
				18F91D0A1F7909DF008E5195 /* Embed Frameworks */,
			);
			buildRules = (
			);
			dependencies = (
			);
			name = "Remind Me At";
			productName = "Remind Me At";
			productReference = 185568161F6FF32100147959 /* Remind Me At.app */;
			productType = "com.apple.product-type.application";
		};
/* End PBXNativeTarget section */

/* Begin PBXProject section */
		1855680E1F6FF32100147959 /* Project object */ = {
			isa = PBXProject;
			attributes = {
				LastSwiftUpdateCheck = 0820;
				LastUpgradeCheck = 0820;
				ORGANIZATIONNAME = rishi;
				TargetAttributes = {
					185568151F6FF32100147959 = {
						CreatedOnToolsVersion = 8.2.1;
						LastSwiftMigration = 0820;
						ProvisioningStyle = Automatic;
					};
				};
			};
			buildConfigurationList = 185568111F6FF32100147959 /* Build configuration list for PBXProject "Remind Me At" */;
			compatibilityVersion = "Xcode 3.2";
			developmentRegion = English;
			hasScannedForEncodings = 0;
			knownRegions = (
				en,
				Base,
			);
			mainGroup = 1855680D1F6FF32100147959;
			productRefGroup = 185568171F6FF32100147959 /* Products */;
			projectDirPath = "";
			projectRoot = "";
			targets = (
				185568151F6FF32100147959 /* Remind Me At */,
			);
		};
/* End PBXProject section */

/* Begin PBXResourcesBuildPhase section */
		185568141F6FF32100147959 /* Resources */ = {
			isa = PBXResourcesBuildPhase;
			buildActionMask = 2147483647;
			files = (
				185568271F6FF32100147959 /* LaunchScreen.storyboard in Resources */,
				185568241F6FF32100147959 /* Assets.xcassets in Resources */,
				1855681F1F6FF32100147959 /* Main.storyboard in Resources */,
			);
			runOnlyForDeploymentPostprocessing = 0;
		};
/* End PBXResourcesBuildPhase section */

/* Begin PBXSourcesBuildPhase section */
		185568121F6FF32100147959 /* Sources */ = {
			isa = PBXSourcesBuildPhase;
			buildActionMask = 2147483647;
			files = (
				1876C0FB1F74BFF0004BDD62 /* SearchLocationTableViewController.swift in Sources */,
				187466161F735B050092C745 /* ReminderDetailTableViewController.swift in Sources */,
				185439271F715D2E006321F2 /* Utilities.swift in Sources */,
				18F91D0C1F790A3A008E5195 /* FacebookViewController.swift in Sources */,
				18F91D131F791833008E5195 /* GCDBlackBox.swift in Sources */,
				185568301F6FF3C100147959 /* LocationManager.swift in Sources */,
				187466121F735A4F0092C745 /* ReminderMasterTableViewController.swift in Sources */,
				18CF47511F7C305B00E93810 /* internetConnectiion.swift in Sources */,
				187466141F735A690092C745 /* ReminderTableViewCell.swift in Sources */,
				185568221F6FF32100147959 /* Remind_Me_At.xcdatamodeld in Sources */,
				185439291F715D8C006321F2 /* NotificationManager.swift in Sources */,
				185439251F714C33006321F2 /* CoreDataManager.swift in Sources */,
				1855681A1F6FF32100147959 /* AppDelegate.swift in Sources */,
			);
			runOnlyForDeploymentPostprocessing = 0;
		};
/* End PBXSourcesBuildPhase section */

/* Begin PBXVariantGroup section */
		1855681D1F6FF32100147959 /* Main.storyboard */ = {
			isa = PBXVariantGroup;
			children = (
				1855681E1F6FF32100147959 /* Base */,
			);
			name = Main.storyboard;
			sourceTree = "<group>";
		};
		185568251F6FF32100147959 /* LaunchScreen.storyboard */ = {
			isa = PBXVariantGroup;
			children = (
				185568261F6FF32100147959 /* Base */,
			);
			name = LaunchScreen.storyboard;
			sourceTree = "<group>";
		};
/* End PBXVariantGroup section */

/* Begin XCBuildConfiguration section */
		185568291F6FF32100147959 /* Debug */ = {
			isa = XCBuildConfiguration;
			buildSettings = {
				ALWAYS_SEARCH_USER_PATHS = NO;
				CLANG_ANALYZER_NONNULL = YES;
				CLANG_CXX_LANGUAGE_STANDARD = "gnu++0x";
				CLANG_CXX_LIBRARY = "libc++";
				CLANG_ENABLE_MODULES = YES;
				CLANG_ENABLE_OBJC_ARC = YES;
				CLANG_WARN_BOOL_CONVERSION = YES;
				CLANG_WARN_CONSTANT_CONVERSION = YES;
				CLANG_WARN_DIRECT_OBJC_ISA_USAGE = YES_ERROR;
				CLANG_WARN_DOCUMENTATION_COMMENTS = YES;
				CLANG_WARN_EMPTY_BODY = YES;
				CLANG_WARN_ENUM_CONVERSION = YES;
				CLANG_WARN_INFINITE_RECURSION = YES;
				CLANG_WARN_INT_CONVERSION = YES;
				CLANG_WARN_OBJC_ROOT_CLASS = YES_ERROR;
				CLANG_WARN_SUSPICIOUS_MOVE = YES;
				CLANG_WARN_UNREACHABLE_CODE = YES;
				CLANG_WARN__DUPLICATE_METHOD_MATCH = YES;
				"CODE_SIGN_IDENTITY[sdk=iphoneos*]" = "iPhone Developer";
				COPY_PHASE_STRIP = NO;
				DEBUG_INFORMATION_FORMAT = dwarf;
				ENABLE_STRICT_OBJC_MSGSEND = YES;
				ENABLE_TESTABILITY = YES;
				GCC_C_LANGUAGE_STANDARD = gnu99;
				GCC_DYNAMIC_NO_PIC = NO;
				GCC_NO_COMMON_BLOCKS = YES;
				GCC_OPTIMIZATION_LEVEL = 0;
				GCC_PREPROCESSOR_DEFINITIONS = (
					"DEBUG=1",
					"$(inherited)",
				);
				GCC_WARN_64_TO_32_BIT_CONVERSION = YES;
				GCC_WARN_ABOUT_RETURN_TYPE = YES_ERROR;
				GCC_WARN_UNDECLARED_SELECTOR = YES;
				GCC_WARN_UNINITIALIZED_AUTOS = YES_AGGRESSIVE;
				GCC_WARN_UNUSED_FUNCTION = YES;
				GCC_WARN_UNUSED_VARIABLE = YES;
				IPHONEOS_DEPLOYMENT_TARGET = 10.2;
				MTL_ENABLE_DEBUG_INFO = YES;
				ONLY_ACTIVE_ARCH = YES;
				SDKROOT = iphoneos;
				SWIFT_ACTIVE_COMPILATION_CONDITIONS = DEBUG;
				SWIFT_OPTIMIZATION_LEVEL = "-Onone";
			};
			name = Debug;
		};
		1855682A1F6FF32100147959 /* Release */ = {
			isa = XCBuildConfiguration;
			buildSettings = {
				ALWAYS_SEARCH_USER_PATHS = NO;
				CLANG_ANALYZER_NONNULL = YES;
				CLANG_CXX_LANGUAGE_STANDARD = "gnu++0x";
				CLANG_CXX_LIBRARY = "libc++";
				CLANG_ENABLE_MODULES = YES;
				CLANG_ENABLE_OBJC_ARC = YES;
				CLANG_WARN_BOOL_CONVERSION = YES;
				CLANG_WARN_CONSTANT_CONVERSION = YES;
				CLANG_WARN_DIRECT_OBJC_ISA_USAGE = YES_ERROR;
				CLANG_WARN_DOCUMENTATION_COMMENTS = YES;
				CLANG_WARN_EMPTY_BODY = YES;
				CLANG_WARN_ENUM_CONVERSION = YES;
				CLANG_WARN_INFINITE_RECURSION = YES;
				CLANG_WARN_INT_CONVERSION = YES;
				CLANG_WARN_OBJC_ROOT_CLASS = YES_ERROR;
				CLANG_WARN_SUSPICIOUS_MOVE = YES;
				CLANG_WARN_UNREACHABLE_CODE = YES;
				CLANG_WARN__DUPLICATE_METHOD_MATCH = YES;
				"CODE_SIGN_IDENTITY[sdk=iphoneos*]" = "iPhone Developer";
				COPY_PHASE_STRIP = NO;
				DEBUG_INFORMATION_FORMAT = "dwarf-with-dsym";
				ENABLE_NS_ASSERTIONS = NO;
				ENABLE_STRICT_OBJC_MSGSEND = YES;
				GCC_C_LANGUAGE_STANDARD = gnu99;
				GCC_NO_COMMON_BLOCKS = YES;
				GCC_WARN_64_TO_32_BIT_CONVERSION = YES;
				GCC_WARN_ABOUT_RETURN_TYPE = YES_ERROR;
				GCC_WARN_UNDECLARED_SELECTOR = YES;
				GCC_WARN_UNINITIALIZED_AUTOS = YES_AGGRESSIVE;
				GCC_WARN_UNUSED_FUNCTION = YES;
				GCC_WARN_UNUSED_VARIABLE = YES;
				IPHONEOS_DEPLOYMENT_TARGET = 10.2;
				MTL_ENABLE_DEBUG_INFO = NO;
				SDKROOT = iphoneos;
				SWIFT_OPTIMIZATION_LEVEL = "-Owholemodule";
				VALIDATE_PRODUCT = YES;
			};
			name = Release;
		};
		1855682C1F6FF32100147959 /* Debug */ = {
			isa = XCBuildConfiguration;
			buildSettings = {
				ASSETCATALOG_COMPILER_APPICON_NAME = AppIcon;
				CLANG_ENABLE_MODULES = YES;
				FRAMEWORK_SEARCH_PATHS = (
					"$(inherited)",
					"$(PROJECT_DIR)",
				);
				INFOPLIST_FILE = "Remind Me At/Info.plist";
				LD_RUNPATH_SEARCH_PATHS = "$(inherited) @executable_path/Frameworks";
				PRODUCT_BUNDLE_IDENTIFIER = "rishabh.Remind-Me-At";
				PRODUCT_NAME = "$(TARGET_NAME)";
				SWIFT_OBJC_BRIDGING_HEADER = "Remind Me At-Bridging-Header.h";
				SWIFT_OPTIMIZATION_LEVEL = "-Onone";
				SWIFT_VERSION = 3.0;
			};
			name = Debug;
		};
		1855682D1F6FF32100147959 /* Release */ = {
			isa = XCBuildConfiguration;
			buildSettings = {
				ASSETCATALOG_COMPILER_APPICON_NAME = AppIcon;
				CLANG_ENABLE_MODULES = YES;
				FRAMEWORK_SEARCH_PATHS = (
					"$(inherited)",
					"$(PROJECT_DIR)",
				);
				INFOPLIST_FILE = "Remind Me At/Info.plist";
				LD_RUNPATH_SEARCH_PATHS = "$(inherited) @executable_path/Frameworks";
				PRODUCT_BUNDLE_IDENTIFIER = "rishabh.Remind-Me-At";
				PRODUCT_NAME = "$(TARGET_NAME)";
				SWIFT_OBJC_BRIDGING_HEADER = "Remind Me At-Bridging-Header.h";
				SWIFT_VERSION = 3.0;
			};
			name = Release;
		};
/* End XCBuildConfiguration section */

/* Begin XCConfigurationList section */
		185568111F6FF32100147959 /* Build configuration list for PBXProject "Remind Me At" */ = {
			isa = XCConfigurationList;
			buildConfigurations = (
				185568291F6FF32100147959 /* Debug */,
				1855682A1F6FF32100147959 /* Release */,
			);
			defaultConfigurationIsVisible = 0;
			defaultConfigurationName = Release;
		};
		1855682B1F6FF32100147959 /* Build configuration list for PBXNativeTarget "Remind Me At" */ = {
			isa = XCConfigurationList;
			buildConfigurations = (
				1855682C1F6FF32100147959 /* Debug */,
				1855682D1F6FF32100147959 /* Release */,
			);
			defaultConfigurationIsVisible = 0;
			defaultConfigurationName = Release;
		};
/* End XCConfigurationList section */

/* Begin XCVersionGroup section */
		185568201F6FF32100147959 /* Remind_Me_At.xcdatamodeld */ = {
			isa = XCVersionGroup;
			children = (
				185568211F6FF32100147959 /* Remind_Me_At.xcdatamodel */,
			);
			currentVersion = 185568211F6FF32100147959 /* Remind_Me_At.xcdatamodel */;
			path = Remind_Me_At.xcdatamodeld;
			sourceTree = "<group>";
			versionGroupType = wrapper.xcdatamodel;
		};
/* End XCVersionGroup section */
	};
	rootObject = 1855680E1F6FF32100147959 /* Project object */;
}
